
Microsoft Visual Studio Solution File, Format Version 12.00
# Visual Studio Version 16
VisualStudioVersion = 16.0.31205.134
MinimumVisualStudioVersion = 10.0.40219.1
Project("{FAE04EC0-301F-11D3-BF4B-00C04F79EFBC}") = "GUI_Hotel", "GUI_Hotel\GUI_Hotel.csproj", "{55EB82F2-BDD0-451D-AE8B-89DACED17528}"
EndProject
Global
	GlobalSection(SolutionConfigurationPlatforms) = preSolution
		Debug|Any CPU = Debug|Any CPU
		Release|Any CPU = Release|Any CPU
	EndGlobalSection
	GlobalSection(ProjectConfigurationPlatforms) = postSolution
		{55EB82F2-BDD0-451D-AE8B-89DACED17528}.Debug|Any CPU.ActiveCfg = Debug|Any CPU
		{55EB82F2-BDD0-451D-AE8B-89DACED17528}.Debug|Any CPU.Build.0 = Debug|Any CPU
		{55EB82F2-BDD0-451D-AE8B-89DACED17528}.Release|Any CPU.ActiveCfg = Release|Any CPU
		{55EB82F2-BDD0-451D-AE8B-89DACED17528}.Release|Any CPU.Build.0 = Release|Any CPU
	EndGlobalSection
	GlobalSection(SolutionProperties) = preSolution
		HideSolutionNode = FALSE
	EndGlobalSection
	GlobalSection(ExtensibilityGlobals) = postSolution
		SolutionGuid = {BEE3EC3E-8DF9-4161-BD9B-8D20D53CDBE4}
	EndGlobalSection
EndGlobal
